
Microsoft Visual Studio Solution File, Format Version 12.00
# Visual Studio Version 17
VisualStudioVersion = 17.14.36414.22 d17.14
MinimumVisualStudioVersion = 10.0.40219.1
Project("{FAE04EC0-301F-11D3-BF4B-00C04F79EFBC}") = "ConeHoldable", "ConeHoldable.csproj", "{794B7A25-D56C-930F-9428-3926894440CF}"
EndProject
Global
	GlobalSection(SolutionConfigurationPlatforms) = preSolution
		Debug|Any CPU = Debug|Any CPU
		Release|Any CPU = Release|Any CPU
	EndGlobalSection
	GlobalSection(ProjectConfigurationPlatforms) = postSolution
		{794B7A25-D56C-930F-9428-3926894440CF}.Debug|Any CPU.ActiveCfg = Debug|Any CPU
		{794B7A25-D56C-930F-9428-3926894440CF}.Debug|Any CPU.Build.0 = Debug|Any CPU
		{794B7A25-D56C-930F-9428-3926894440CF}.Release|Any CPU.ActiveCfg = Release|Any CPU
		{794B7A25-D56C-930F-9428-3926894440CF}.Release|Any CPU.Build.0 = Release|Any CPU
	EndGlobalSection
	GlobalSection(SolutionProperties) = preSolution
		HideSolutionNode = FALSE
	EndGlobalSection
	GlobalSection(ExtensibilityGlobals) = postSolution
		SolutionGuid = {A2FFDFA2-45D2-441C-ADC2-7BE734BD2DBA}
	EndGlobalSection
EndGlobal
